
Microsoft Visual Studio Solution File, Format Version 12.00
# Visual Studio 15
VisualStudioVersion = 15.0.28307.1000
MinimumVisualStudioVersion = 10.0.40219.1
Project("{FAE04EC0-301F-11D3-BF4B-00C04F79EFBC}") = "WpfApp1", "WpfApp1\WpfApp1.csproj", "{920ABF41-4290-443E-9575-F0DC44A365EC}"
EndProject
Global
	GlobalSection(SolutionConfigurationPlatforms) = preSolution
		Debug|Any CPU = Debug|Any CPU
		Release|Any CPU = Release|Any CPU
	EndGlobalSection
	GlobalSection(ProjectConfigurationPlatforms) = postSolution
		{920ABF41-4290-443E-9575-F0DC44A365EC}.Debug|Any CPU.ActiveCfg = Debug|Any CPU
		{920ABF41-4290-443E-9575-F0DC44A365EC}.Debug|Any CPU.Build.0 = Debug|Any CPU
		{920ABF41-4290-443E-9575-F0DC44A365EC}.Release|Any CPU.ActiveCfg = Release|Any CPU
		{920ABF41-4290-443E-9575-F0DC44A365EC}.Release|Any CPU.Build.0 = Release|Any CPU
	EndGlobalSection
	GlobalSection(SolutionProperties) = preSolution
		HideSolutionNode = FALSE
	EndGlobalSection
	GlobalSection(ExtensibilityGlobals) = postSolution
		SolutionGuid = {D0AEFD05-E73A-4997-B6AF-50F52FFBB715}
	EndGlobalSection
EndGlobal
